{
  "version": 4,
  "terraform_version": "0.15.3",
  "serial": 12,
  "lineage": "2042f2fc-85bb-f7fb-a8d6-f769a74f9f32",
  "outputs": {
    "ecs_task_execution_role_arn": {
      "value": "arn:aws:iam::584537173537:role/crm-req-tasker",
      "type": "string"
    },
    "ecs_task_execution_role_name": {
      "value": "crm-req-tasker",
      "type": "string"
    },
    "route53_dev_zone_id": {
      "value": "andersenlab.com",
      "type": "string"
    },
    "route53_main_zone_id": {
      "value": "andersenlab.dev",
      "type": "string"
    },
    "stage_dynamodb_table_name": {
      "value": "crm_terraform_state_lock",
      "type": "string"
    },
    "state_s3_bucket_arn": {
      "value": "arn:aws:s3:::crm-terraform-state",
      "type": "string"
    }
  },
  "resources": [
    {
      "mode": "managed",
      "type": "aws_dynamodb_table",
      "name": "terraform_locks",
      "provider": "provider[\"registry.terraform.io/hashicorp/aws\"]",
      "instances": [
        {
          "schema_version": 1,
          "attributes": {
            "arn": "arn:aws:dynamodb:eu-central-1:584537173537:table/crm_terraform_state_lock",
            "attribute": [
              {
                "name": "LockID",
                "type": "S"
              }
            ],
            "billing_mode": "PAY_PER_REQUEST",
            "global_secondary_index": [],
            "hash_key": "LockID",
            "id": "crm_terraform_state_lock",
            "local_secondary_index": [],
            "name": "crm_terraform_state_lock",
            "point_in_time_recovery": [
              {
                "enabled": false
              }
            ],
            "range_key": null,
            "read_capacity": 0,
            "replica": [],
            "server_side_encryption": [],
            "stream_arn": "",
            "stream_enabled": false,
            "stream_label": "",
            "stream_view_type": "",
            "tags": {},
            "tags_all": {},
            "timeouts": null,
            "ttl": [
              {
                "attribute_name": "",
                "enabled": false,
                "kms_key_arn": ""
              }
            ],
            "write_capacity": 0
          },
          "sensitive_attributes": [],
          "private": "eyJlMmJmYjczMC1lY2FhLTExZTYtOGY4OC0zNDM2M2JjN2M0YzAiOnsiY3JlYXRlIjoxMjAwMDAwMDAwMDAwLCJkZWxldGUiOjYwMDAwMDAwMDAwMCwidXBkYXRlIjozNjAwMDAwMDAwMDAwfSwic2NoZW1hX3ZlcnNpb24iOiIxIn0="
        }
      ]
    },
    {
      "mode": "managed",
      "type": "aws_iam_role",
      "name": "ecsTaskExecutionRole",
      "provider": "provider[\"registry.terraform.io/hashicorp/aws\"]",
      "instances": [
        {
          "schema_version": 0,
          "attributes": {
            "arn": "arn:aws:iam::584537173537:role/crm-req-tasker",
            "assume_role_policy": "{\"Version\":\"2012-10-17\",\"Statement\":[{\"Sid\":\"\",\"Effect\":\"Allow\",\"Principal\":{\"Service\":\"ecs-tasks.amazonaws.com\"},\"Action\":\"sts:AssumeRole\"}]}",
            "create_date": "2021-05-12T12:10:13Z",
            "description": "",
            "force_detach_policies": false,
            "id": "crm-req-tasker",
            "inline_policy": [
              {
                "name": "",
                "policy": ""
              }
            ],
            "managed_policy_arns": [],
            "max_session_duration": 3600,
            "name": "crm-req-tasker",
            "name_prefix": null,
            "path": "/",
            "permissions_boundary": null,
            "tags": null,
            "tags_all": {},
            "unique_id": "AROAYQGJBNYQYYH3TWAR2"
          },
          "sensitive_attributes": [],
          "private": "bnVsbA=="
        }
      ]
    },
    {
      "mode": "managed",
      "type": "aws_s3_bucket",
      "name": "terraform_state",
      "provider": "provider[\"registry.terraform.io/hashicorp/aws\"]",
      "instances": [
        {
          "schema_version": 0,
          "attributes": {
            "acceleration_status": "",
            "acl": "private",
            "arn": "arn:aws:s3:::crm-terraform-state",
            "bucket": "crm-terraform-state",
            "bucket_domain_name": "crm-terraform-state.s3.amazonaws.com",
            "bucket_prefix": null,
            "bucket_regional_domain_name": "crm-terraform-state.s3.eu-central-1.amazonaws.com",
            "cors_rule": [],
            "force_destroy": false,
            "grant": [],
            "hosted_zone_id": "Z21DNDUVLTQW6Q",
            "id": "crm-terraform-state",
            "lifecycle_rule": [],
            "logging": [],
            "object_lock_configuration": [],
            "policy": null,
            "region": "eu-central-1",
            "replication_configuration": [],
            "request_payer": "BucketOwner",
            "server_side_encryption_configuration": [
              {
                "rule": [
                  {
                    "apply_server_side_encryption_by_default": [
                      {
                        "kms_master_key_id": "",
                        "sse_algorithm": "AES256"
                      }
                    ],
                    "bucket_key_enabled": false
                  }
                ]
              }
            ],
            "tags": {},
            "tags_all": {},
            "versioning": [
              {
                "enabled": true,
                "mfa_delete": false
              }
            ],
            "website": [],
            "website_domain": null,
            "website_endpoint": null
          },
          "sensitive_attributes": [],
          "private": "bnVsbA=="
        }
      ]
    },
    {
      "module": "module.route53_zone",
      "mode": "managed",
      "type": "aws_route53_zone",
      "name": "this",
      "provider": "provider[\"registry.terraform.io/hashicorp/aws\"]",
      "instances": [
        {
          "index_key": "andersenlab.com",
          "schema_version": 0,
          "attributes": {
            "comment": "andersenlab.com",
            "delegation_set_id": "",
            "force_destroy": false,
            "id": "Z03729443UQ1HEK3G7AZR",
            "name": "andersenlab.com",
            "name_servers": [
              "ns-1030.awsdns-00.org",
              "ns-121.awsdns-15.com",
              "ns-1595.awsdns-07.co.uk",
              "ns-999.awsdns-60.net"
            ],
            "tags": null,
            "tags_all": {},
            "vpc": [],
            "zone_id": "Z03729443UQ1HEK3G7AZR"
          },
          "sensitive_attributes": [],
          "private": "bnVsbA=="
        },
        {
          "index_key": "andersenlab.dev",
          "schema_version": 0,
          "attributes": {
            "comment": "andersenlab.dev",
            "delegation_set_id": "",
            "force_destroy": false,
            "id": "Z01282381U4LIWSQKDJTK",
            "name": "andersenlab.dev",
            "name_servers": [
              "ns-1405.awsdns-47.org",
              "ns-1566.awsdns-03.co.uk",
              "ns-18.awsdns-02.com",
              "ns-698.awsdns-23.net"
            ],
            "tags": null,
            "tags_all": {},
            "vpc": [],
            "zone_id": "Z01282381U4LIWSQKDJTK"
          },
          "sensitive_attributes": [],
          "private": "bnVsbA=="
        }
      ]
    }
  ]
}
